
Microsoft Visual Studio Solution File, Format Version 12.00
# Visual Studio Version 17
VisualStudioVersion = 17.1.32228.430
MinimumVisualStudioVersion = 10.0.40219.1
Project("{FAE04EC0-301F-11D3-BF4B-00C04F79EFBC}") = "MVCTraning", "MVCTraning.csproj", "{D16E11EE-F288-49C4-AF18-AE41C2ADA3F0}"
EndProject
Global
	GlobalSection(SolutionConfigurationPlatforms) = preSolution
		Debug|Any CPU = Debug|Any CPU
		Release|Any CPU = Release|Any CPU
	EndGlobalSection
	GlobalSection(ProjectConfigurationPlatforms) = postSolution
		{D16E11EE-F288-49C4-AF18-AE41C2ADA3F0}.Debug|Any CPU.ActiveCfg = Debug|Any CPU
		{D16E11EE-F288-49C4-AF18-AE41C2ADA3F0}.Debug|Any CPU.Build.0 = Debug|Any CPU
		{D16E11EE-F288-49C4-AF18-AE41C2ADA3F0}.Release|Any CPU.ActiveCfg = Release|Any CPU
		{D16E11EE-F288-49C4-AF18-AE41C2ADA3F0}.Release|Any CPU.Build.0 = Release|Any CPU
	EndGlobalSection
	GlobalSection(SolutionProperties) = preSolution
		HideSolutionNode = FALSE
	EndGlobalSection
	GlobalSection(ExtensibilityGlobals) = postSolution
		SolutionGuid = {D31A2E95-BC15-42A8-AE60-0334D88F9BB0}
	EndGlobalSection
EndGlobal
